PODS:
  - BFPaperTableViewCell (2.2.2):
    - UIColor+BFPaperColors
  - Foursquare-API-v2 (1.4.8)
  - M13OrderedDictionary (1.0.6)
  - ObjectiveDDP (0.1.8):
    - M13OrderedDictionary
    - SocketRocket (= 0.3.1-beta2)
  - SocketRocket (0.3.1-beta2)
  - UIColor+BFPaperColors (1.3.1)

DEPENDENCIES:
  - BFPaperTableViewCell
  - Foursquare-API-v2
  - ObjectiveDDP

SPEC CHECKSUMS:
  BFPaperTableViewCell: 2c1095f8205eeaede27ec84601f04e70e8e8a456
  Foursquare-API-v2: dedba546a2048dc66dc444e9784fc5f9c27f81d9
  M13OrderedDictionary: ca1bb2d743fd64500ffabee811d4bf2d0a65c908
  ObjectiveDDP: 87609d002487bdb2e81b460de707b684551c04de
  SocketRocket: 7284ab9370a06c99aba92b2fe3a32aedd0f9a6fa
  UIColor+BFPaperColors: 0517728d63d8cfd977a112dd5c4627c2d3c12630

COCOAPODS: 0.36.1
